// !$*UTF8*$!
{
	archiveVersion = 1;
	classes = {
	};
	objectVersion = 50;
	objects = {

/* Begin PBXBuildFile section */
		1C28333D245700F900C3A962 /* TableViewCell.swift in Sources */ = {isa = PBXBuildFile; fileRef = 1C28333C245700F900C3A962 /* TableViewCell.swift */; };
		1C2B8D002427C82700883C00 /* AppDelegate.swift in Sources */ = {isa = PBXBuildFile; fileRef = 1C2B8CFF2427C82700883C00 /* AppDelegate.swift */; };
		1C2B8D022427C82700883C00 /* SceneDelegate.swift in Sources */ = {isa = PBXBuildFile; fileRef = 1C2B8D012427C82700883C00 /* SceneDelegate.swift */; };
		1C2B8D072427C82700883C00 /* Main.storyboard in Resources */ = {isa = PBXBuildFile; fileRef = 1C2B8D052427C82700883C00 /* Main.storyboard */; };
		1C2B8D092427C82800883C00 /* Assets.xcassets in Resources */ = {isa = PBXBuildFile; fileRef = 1C2B8D082427C82800883C00 /* Assets.xcassets */; };
		1C2B8D0C2427C82800883C00 /* LaunchScreen.storyboard in Resources */ = {isa = PBXBuildFile; fileRef = 1C2B8D0A2427C82800883C00 /* LaunchScreen.storyboard */; };
		1C34D4AD2432687C00020CB8 /* NetworkManager.swift in Sources */ = {isa = PBXBuildFile; fileRef = 1C34D4AC2432687C00020CB8 /* NetworkManager.swift */; };
		1C6D60EE242D3BF200D46923 /* ThreeColorsViewController.swift in Sources */ = {isa = PBXBuildFile; fileRef = 1C6D60ED242D3BF200D46923 /* ThreeColorsViewController.swift */; };
		1C7A64722428FD5100D8E749 /* MainViewController.swift in Sources */ = {isa = PBXBuildFile; fileRef = 1C7A64712428FD5100D8E749 /* MainViewController.swift */; };
		1C7C0786245B49010040B914 /* Extensions.swift in Sources */ = {isa = PBXBuildFile; fileRef = 1C7C0785245B49010040B914 /* Extensions.swift */; };
		1C944F94245A34A6007CA471 /* ColorCircleViewController.swift in Sources */ = {isa = PBXBuildFile; fileRef = 1C944F93245A34A6007CA471 /* ColorCircleViewController.swift */; };
		1C9B04122456F74300104C74 /* ColorListViewController.swift in Sources */ = {isa = PBXBuildFile; fileRef = 1C9B04112456F74300104C74 /* ColorListViewController.swift */; };
		1C9B04142456F77300104C74 /* colorData.swift in Sources */ = {isa = PBXBuildFile; fileRef = 1C9B04132456F77300104C74 /* colorData.swift */; };
		1C9E1F7D24573D8100A133C5 /* DetailColorModel.swift in Sources */ = {isa = PBXBuildFile; fileRef = 1C9E1F7C24573D8100A133C5 /* DetailColorModel.swift */; };
		1C9FB147242D0A2F00A42CBD /* ViewController.swift in Sources */ = {isa = PBXBuildFile; fileRef = 1C9FB146242D0A2F00A42CBD /* ViewController.swift */; };
		1C9FB14B242D0A8300A42CBD /* LoginRegisterViewController.swift in Sources */ = {isa = PBXBuildFile; fileRef = 1C9FB14A242D0A8300A42CBD /* LoginRegisterViewController.swift */; };
		1CC675D7245C84B100E19401 /* ColorCombinations.swift in Sources */ = {isa = PBXBuildFile; fileRef = 1CC675D6245C84B100E19401 /* ColorCombinations.swift */; };
		1CEF99142457208500139BD7 /* colorList.txt in Resources */ = {isa = PBXBuildFile; fileRef = 1CEF99132457208500139BD7 /* colorList.txt */; };
		1CEF99162457383800139BD7 /* DetailColorViewController.swift in Sources */ = {isa = PBXBuildFile; fileRef = 1CEF99152457383800139BD7 /* DetailColorViewController.swift */; };
/* End PBXBuildFile section */

/* Begin PBXFileReference section */
		1C28333C245700F900C3A962 /* TableViewCell.swift */ = {isa = PBXFileReference; lastKnownFileType = sourcecode.swift; path = TableViewCell.swift; sourceTree = "<group>"; };
		1C2B8CFC2427C82700883C00 /* CourseProject.app */ = {isa = PBXFileReference; explicitFileType = wrapper.application; includeInIndex = 0; path = CourseProject.app; sourceTree = BUILT_PRODUCTS_DIR; };
		1C2B8CFF2427C82700883C00 /* AppDelegate.swift */ = {isa = PBXFileReference; lastKnownFileType = sourcecode.swift; path = AppDelegate.swift; sourceTree = "<group>"; };
		1C2B8D012427C82700883C00 /* SceneDelegate.swift */ = {isa = PBXFileReference; lastKnownFileType = sourcecode.swift; path = SceneDelegate.swift; sourceTree = "<group>"; };
		1C2B8D062427C82700883C00 /* Base */ = {isa = PBXFileReference; lastKnownFileType = file.storyboard; name = Base; path = Base.lproj/Main.storyboard; sourceTree = "<group>"; };
		1C2B8D082427C82800883C00 /* Assets.xcassets */ = {isa = PBXFileReference; lastKnownFileType = folder.assetcatalog; path = Assets.xcassets; sourceTree = "<group>"; };
		1C2B8D0B2427C82800883C00 /* Base */ = {isa = PBXFileReference; lastKnownFileType = file.storyboard; name = Base; path = Base.lproj/LaunchScreen.storyboard; sourceTree = "<group>"; };
		1C2B8D0D2427C82800883C00 /* Info.plist */ = {isa = PBXFileReference; lastKnownFileType = text.plist.xml; path = Info.plist; sourceTree = "<group>"; };
		1C34D4AC2432687C00020CB8 /* NetworkManager.swift */ = {isa = PBXFileReference; lastKnownFileType = sourcecode.swift; path = NetworkManager.swift; sourceTree = "<group>"; };
		1C6D60ED242D3BF200D46923 /* ThreeColorsViewController.swift */ = {isa = PBXFileReference; lastKnownFileType = sourcecode.swift; path = ThreeColorsViewController.swift; sourceTree = "<group>"; };
		1C7A64712428FD5100D8E749 /* MainViewController.swift */ = {isa = PBXFileReference; lastKnownFileType = sourcecode.swift; path = MainViewController.swift; sourceTree = "<group>"; };
		1C7C0785245B49010040B914 /* Extensions.swift */ = {isa = PBXFileReference; lastKnownFileType = sourcecode.swift; path = Extensions.swift; sourceTree = "<group>"; };
		1C944F93245A34A6007CA471 /* ColorCircleViewController.swift */ = {isa = PBXFileReference; lastKnownFileType = sourcecode.swift; path = ColorCircleViewController.swift; sourceTree = "<group>"; };
		1C9B04112456F74300104C74 /* ColorListViewController.swift */ = {isa = PBXFileReference; lastKnownFileType = sourcecode.swift; path = ColorListViewController.swift; sourceTree = "<group>"; };
		1C9B04132456F77300104C74 /* colorData.swift */ = {isa = PBXFileReference; lastKnownFileType = sourcecode.swift; path = colorData.swift; sourceTree = "<group>"; };
		1C9E1F7C24573D8100A133C5 /* DetailColorModel.swift */ = {isa = PBXFileReference; lastKnownFileType = sourcecode.swift; path = DetailColorModel.swift; sourceTree = "<group>"; };
		1C9FB146242D0A2F00A42CBD /* ViewController.swift */ = {isa = PBXFileReference; lastKnownFileType = sourcecode.swift; path = ViewController.swift; sourceTree = "<group>"; };
		1C9FB14A242D0A8300A42CBD /* LoginRegisterViewController.swift */ = {isa = PBXFileReference; lastKnownFileType = sourcecode.swift; path = LoginRegisterViewController.swift; sourceTree = "<group>"; };
		1CC675D6245C84B100E19401 /* ColorCombinations.swift */ = {isa = PBXFileReference; fileEncoding = 4; lastKnownFileType = sourcecode.swift; path = ColorCombinations.swift; sourceTree = "<group>"; };
		1CEF99132457208500139BD7 /* colorList.txt */ = {isa = PBXFileReference; fileEncoding = 4; lastKnownFileType = text; path = colorList.txt; sourceTree = "<group>"; };
		1CEF99152457383800139BD7 /* DetailColorViewController.swift */ = {isa = PBXFileReference; lastKnownFileType = sourcecode.swift; path = DetailColorViewController.swift; sourceTree = "<group>"; };
		5CF8140E339687715EF45525 /* Pods-CourseProject.release.xcconfig */ = {isa = PBXFileReference; includeInIndex = 1; lastKnownFileType = text.xcconfig; name = "Pods-CourseProject.release.xcconfig"; path = "Target Support Files/Pods-CourseProject/Pods-CourseProject.release.xcconfig"; sourceTree = "<group>"; };
		9F9CDD7EFBBDB82B24EB21AE /* Pods-CourseProject.debug.xcconfig */ = {isa = PBXFileReference; includeInIndex = 1; lastKnownFileType = text.xcconfig; name = "Pods-CourseProject.debug.xcconfig"; path = "Target Support Files/Pods-CourseProject/Pods-CourseProject.debug.xcconfig"; sourceTree = "<group>"; };
/* End PBXFileReference section */

/* Begin PBXFrameworksBuildPhase section */
		1C2B8CF92427C82700883C00 /* Frameworks */ = {
			isa = PBXFrameworksBuildPhase;
			buildActionMask = 2147483647;
			files = (
			);
			runOnlyForDeploymentPostprocessing = 0;
		};
/* End PBXFrameworksBuildPhase section */

/* Begin PBXGroup section */
		0BDCDC072EB2446A958C0939 /* Pods */ = {
			isa = PBXGroup;
			children = (
				9F9CDD7EFBBDB82B24EB21AE /* Pods-CourseProject.debug.xcconfig */,
				5CF8140E339687715EF45525 /* Pods-CourseProject.release.xcconfig */,
			);
			path = Pods;
			sourceTree = "<group>";
		};
		1C24B6B3245754BD00192AE2 /* ColorDetail */ = {
			isa = PBXGroup;
			children = (
				1CEF99152457383800139BD7 /* DetailColorViewController.swift */,
				1C9E1F7C24573D8100A133C5 /* DetailColorModel.swift */,
			);
			path = ColorDetail;
			sourceTree = "<group>";
		};
		1C2B8CF32427C82700883C00 = {
			isa = PBXGroup;
			children = (
				1C2B8CFE2427C82700883C00 /* CourseProject */,
				1C2B8CFD2427C82700883C00 /* Products */,
				0BDCDC072EB2446A958C0939 /* Pods */,
			);
			sourceTree = "<group>";
		};
		1C2B8CFD2427C82700883C00 /* Products */ = {
			isa = PBXGroup;
			children = (
				1C2B8CFC2427C82700883C00 /* CourseProject.app */,
			);
			name = Products;
			sourceTree = "<group>";
		};
		1C2B8CFE2427C82700883C00 /* CourseProject */ = {
			isa = PBXGroup;
			children = (
				1C2B8D0D2427C82800883C00 /* Info.plist */,
				1C2B8D082427C82800883C00 /* Assets.xcassets */,
				1C2B8D052427C82700883C00 /* Main.storyboard */,
				1C2B8D0A2427C82800883C00 /* LaunchScreen.storyboard */,
				1C7C0788245B49760040B914 /* Components */,
				1C944F95245A34AF007CA471 /* ColorCyrcle */,
				1C944F96245A34C5007CA471 /* ThreeColor */,
				1C9B04152456F77B00104C74 /* ColorList */,
				1C24B6B3245754BD00192AE2 /* ColorDetail */,
				1C944F98245A34EC007CA471 /* Registration */,
				1C7C0787245B495A0040B914 /* Main screen */,
			);
			path = CourseProject;
			sourceTree = "<group>";
		};
		1C7C0787245B495A0040B914 /* Main screen */ = {
			isa = PBXGroup;
			children = (
				1C7A64712428FD5100D8E749 /* MainViewController.swift */,
			);
			path = "Main screen";
			sourceTree = "<group>";
		};
		1C7C0788245B49760040B914 /* Components */ = {
			isa = PBXGroup;
			children = (
				1C2B8CFF2427C82700883C00 /* AppDelegate.swift */,
				1C2B8D012427C82700883C00 /* SceneDelegate.swift */,
				1C7C0785245B49010040B914 /* Extensions.swift */,
				1CC675D6245C84B100E19401 /* ColorCombinations.swift */,
				1C34D4AC2432687C00020CB8 /* NetworkManager.swift */,
			);
			path = Components;
			sourceTree = "<group>";
		};
		1C944F95245A34AF007CA471 /* ColorCyrcle */ = {
			isa = PBXGroup;
			children = (
				1C944F93245A34A6007CA471 /* ColorCircleViewController.swift */,
			);
			path = ColorCyrcle;
			sourceTree = "<group>";
		};
		1C944F96245A34C5007CA471 /* ThreeColor */ = {
			isa = PBXGroup;
			children = (
				1C6D60ED242D3BF200D46923 /* ThreeColorsViewController.swift */,
			);
			path = ThreeColor;
			sourceTree = "<group>";
		};
		1C944F98245A34EC007CA471 /* Registration */ = {
			isa = PBXGroup;
			children = (
				1C9FB14A242D0A8300A42CBD /* LoginRegisterViewController.swift */,
				1C9FB146242D0A2F00A42CBD /* ViewController.swift */,
			);
			path = Registration;
			sourceTree = "<group>";
		};
		1C9B04152456F77B00104C74 /* ColorList */ = {
			isa = PBXGroup;
			children = (
				1C9B04112456F74300104C74 /* ColorListViewController.swift */,
				1C28333C245700F900C3A962 /* TableViewCell.swift */,
				1C9B04132456F77300104C74 /* colorData.swift */,
				1CEF99132457208500139BD7 /* colorList.txt */,
			);
			path = ColorList;
			sourceTree = "<group>";
		};
/* End PBXGroup section */

/* Begin PBXNativeTarget section */
		1C2B8CFB2427C82700883C00 /* CourseProject */ = {
			isa = PBXNativeTarget;
			buildConfigurationList = 1C2B8D102427C82800883C00 /* Build configuration list for PBXNativeTarget "CourseProject" */;
			buildPhases = (
				4E179651C7B43238BB8CFC8B /* [CP] Check Pods Manifest.lock */,
				1C2B8CF82427C82700883C00 /* Sources */,
				1C2B8CF92427C82700883C00 /* Frameworks */,
				1C2B8CFA2427C82700883C00 /* Resources */,
				1CF33F002427D5F80053BF4D /* ShellScript */,
			);
			buildRules = (
			);
			dependencies = (
			);
			name = CourseProject;
			productName = CourseProject;
			productReference = 1C2B8CFC2427C82700883C00 /* CourseProject.app */;
			productType = "com.apple.product-type.application";
		};
/* End PBXNativeTarget section */

/* Begin PBXProject section */
		1C2B8CF42427C82700883C00 /* Project object */ = {
			isa = PBXProject;
			attributes = {
				LastSwiftUpdateCheck = 1130;
				LastUpgradeCheck = 1130;
				ORGANIZATIONNAME = "Артем Манышев";
				TargetAttributes = {
					1C2B8CFB2427C82700883C00 = {
						CreatedOnToolsVersion = 11.3.1;
					};
				};
			};
			buildConfigurationList = 1C2B8CF72427C82700883C00 /* Build configuration list for PBXProject "CourseProject" */;
			compatibilityVersion = "Xcode 9.3";
			developmentRegion = en;
			hasScannedForEncodings = 0;
			knownRegions = (
				en,
				Base,
			);
			mainGroup = 1C2B8CF32427C82700883C00;
			productRefGroup = 1C2B8CFD2427C82700883C00 /* Products */;
			projectDirPath = "";
			projectRoot = "";
			targets = (
				1C2B8CFB2427C82700883C00 /* CourseProject */,
			);
		};
/* End PBXProject section */

/* Begin PBXResourcesBuildPhase section */
		1C2B8CFA2427C82700883C00 /* Resources */ = {
			isa = PBXResourcesBuildPhase;
			buildActionMask = 2147483647;
			files = (
				1CEF99142457208500139BD7 /* colorList.txt in Resources */,
				1C2B8D0C2427C82800883C00 /* LaunchScreen.storyboard in Resources */,
				1C2B8D092427C82800883C00 /* Assets.xcassets in Resources */,
				1C2B8D072427C82700883C00 /* Main.storyboard in Resources */,
			);
			runOnlyForDeploymentPostprocessing = 0;
		};
/* End PBXResourcesBuildPhase section */

/* Begin PBXShellScriptBuildPhase section */
		1CF33F002427D5F80053BF4D /* ShellScript */ = {
			isa = PBXShellScriptBuildPhase;
			buildActionMask = 2147483647;
			files = (
			);
			inputFileListPaths = (
			);
			inputPaths = (
			);
			outputFileListPaths = (
			);
			outputPaths = (
			);
			runOnlyForDeploymentPostprocessing = 0;
			shellPath = /bin/sh;
			shellScript = "${PODS_ROOT}/SwiftLint/swiftlint\n";
		};
		4E179651C7B43238BB8CFC8B /* [CP] Check Pods Manifest.lock */ = {
			isa = PBXShellScriptBuildPhase;
			buildActionMask = 2147483647;
			files = (
			);
			inputFileListPaths = (
			);
			inputPaths = (
				"${PODS_PODFILE_DIR_PATH}/Podfile.lock",
				"${PODS_ROOT}/Manifest.lock",
			);
			name = "[CP] Check Pods Manifest.lock";
			outputFileListPaths = (
			);
			outputPaths = (
				"$(DERIVED_FILE_DIR)/Pods-CourseProject-checkManifestLockResult.txt",
			);
			runOnlyForDeploymentPostprocessing = 0;
			shellPath = /bin/sh;
			shellScript = "diff \"${PODS_PODFILE_DIR_PATH}/Podfile.lock\" \"${PODS_ROOT}/Manifest.lock\" > /dev/null\nif [ $? != 0 ] ; then\n    # print error to STDERR\n    echo \"error: The sandbox is not in sync with the Podfile.lock. Run 'pod install' or update your CocoaPods installation.\" >&2\n    exit 1\nfi\n# This output is used by Xcode 'outputs' to avoid re-running this script phase.\necho \"SUCCESS\" > \"${SCRIPT_OUTPUT_FILE_0}\"\n";
			showEnvVarsInLog = 0;
		};
/* End PBXShellScriptBuildPhase section */

/* Begin PBXSourcesBuildPhase section */
		1C2B8CF82427C82700883C00 /* Sources */ = {
			isa = PBXSourcesBuildPhase;
			buildActionMask = 2147483647;
			files = (
				1CC675D7245C84B100E19401 /* ColorCombinations.swift in Sources */,
				1C9FB14B242D0A8300A42CBD /* LoginRegisterViewController.swift in Sources */,
				1C944F94245A34A6007CA471 /* ColorCircleViewController.swift in Sources */,
				1C9B04142456F77300104C74 /* colorData.swift in Sources */,
				1C9FB147242D0A2F00A42CBD /* ViewController.swift in Sources */,
				1C9B04122456F74300104C74 /* ColorListViewController.swift in Sources */,
				1C2B8D002427C82700883C00 /* AppDelegate.swift in Sources */,
				1CEF99162457383800139BD7 /* DetailColorViewController.swift in Sources */,
				1C28333D245700F900C3A962 /* TableViewCell.swift in Sources */,
				1C34D4AD2432687C00020CB8 /* NetworkManager.swift in Sources */,
				1C9E1F7D24573D8100A133C5 /* DetailColorModel.swift in Sources */,
				1C2B8D022427C82700883C00 /* SceneDelegate.swift in Sources */,
				1C6D60EE242D3BF200D46923 /* ThreeColorsViewController.swift in Sources */,
				1C7A64722428FD5100D8E749 /* MainViewController.swift in Sources */,
				1C7C0786245B49010040B914 /* Extensions.swift in Sources */,
			);
			runOnlyForDeploymentPostprocessing = 0;
		};
/* End PBXSourcesBuildPhase section */

/* Begin PBXVariantGroup section */
		1C2B8D052427C82700883C00 /* Main.storyboard */ = {
			isa = PBXVariantGroup;
			children = (
				1C2B8D062427C82700883C00 /* Base */,
			);
			name = Main.storyboard;
			sourceTree = "<group>";
		};
		1C2B8D0A2427C82800883C00 /* LaunchScreen.storyboard */ = {
			isa = PBXVariantGroup;
			children = (
				1C2B8D0B2427C82800883C00 /* Base */,
			);
			name = LaunchScreen.storyboard;
			sourceTree = "<group>";
		};
/* End PBXVariantGroup section */

/* Begin XCBuildConfiguration section */
		1C2B8D0E2427C82800883C00 /* Debug */ = {
			isa = XCBuildConfiguration;
			buildSettings = {
				ALWAYS_SEARCH_USER_PATHS = NO;
				CLANG_ANALYZER_NONNULL = YES;
				CLANG_ANALYZER_NUMBER_OBJECT_CONVERSION = YES_AGGRESSIVE;
				CLANG_CXX_LANGUAGE_STANDARD = "gnu++14";
				CLANG_CXX_LIBRARY = "libc++";
				CLANG_ENABLE_MODULES = YES;
				CLANG_ENABLE_OBJC_ARC = YES;
				CLANG_ENABLE_OBJC_WEAK = YES;
				CLANG_WARN_BLOCK_CAPTURE_AUTORELEASING = YES;
				CLANG_WARN_BOOL_CONVERSION = YES;
				CLANG_WARN_COMMA = YES;
				CLANG_WARN_CONSTANT_CONVERSION = YES;
				CLANG_WARN_DEPRECATED_OBJC_IMPLEMENTATIONS = YES;
				CLANG_WARN_DIRECT_OBJC_ISA_USAGE = YES_ERROR;
				CLANG_WARN_DOCUMENTATION_COMMENTS = YES;
				CLANG_WARN_EMPTY_BODY = YES;
				CLANG_WARN_ENUM_CONVERSION = YES;
				CLANG_WARN_INFINITE_RECURSION = YES;
				CLANG_WARN_INT_CONVERSION = YES;
				CLANG_WARN_NON_LITERAL_NULL_CONVERSION = YES;
				CLANG_WARN_OBJC_IMPLICIT_RETAIN_SELF = YES;
				CLANG_WARN_OBJC_LITERAL_CONVERSION = YES;
				CLANG_WARN_OBJC_ROOT_CLASS = YES_ERROR;
				CLANG_WARN_RANGE_LOOP_ANALYSIS = YES;
				CLANG_WARN_STRICT_PROTOTYPES = YES;
				CLANG_WARN_SUSPICIOUS_MOVE = YES;
				CLANG_WARN_UNGUARDED_AVAILABILITY = YES_AGGRESSIVE;
				CLANG_WARN_UNREACHABLE_CODE = YES;
				CLANG_WARN__DUPLICATE_METHOD_MATCH = YES;
				COPY_PHASE_STRIP = NO;
				DEBUG_INFORMATION_FORMAT = dwarf;
				ENABLE_STRICT_OBJC_MSGSEND = YES;
				ENABLE_TESTABILITY = YES;
				GCC_C_LANGUAGE_STANDARD = gnu11;
				GCC_DYNAMIC_NO_PIC = NO;
				GCC_NO_COMMON_BLOCKS = YES;
				GCC_OPTIMIZATION_LEVEL = 0;
				GCC_PREPROCESSOR_DEFINITIONS = (
					"DEBUG=1",
					"$(inherited)",
				);
				GCC_WARN_64_TO_32_BIT_CONVERSION = YES;
				GCC_WARN_ABOUT_RETURN_TYPE = YES_ERROR;
				GCC_WARN_UNDECLARED_SELECTOR = YES;
				GCC_WARN_UNINITIALIZED_AUTOS = YES_AGGRESSIVE;
				GCC_WARN_UNUSED_FUNCTION = YES;
				GCC_WARN_UNUSED_VARIABLE = YES;
				IPHONEOS_DEPLOYMENT_TARGET = 13.2;
				MTL_ENABLE_DEBUG_INFO = INCLUDE_SOURCE;
				MTL_FAST_MATH = YES;
				ONLY_ACTIVE_ARCH = YES;
				SDKROOT = iphoneos;
				SWIFT_ACTIVE_COMPILATION_CONDITIONS = DEBUG;
				SWIFT_OPTIMIZATION_LEVEL = "-Onone";
			};
			name = Debug;
		};
		1C2B8D0F2427C82800883C00 /* Release */ = {
			isa = XCBuildConfiguration;
			buildSettings = {
				ALWAYS_SEARCH_USER_PATHS = NO;
				CLANG_ANALYZER_NONNULL = YES;
				CLANG_ANALYZER_NUMBER_OBJECT_CONVERSION = YES_AGGRESSIVE;
				CLANG_CXX_LANGUAGE_STANDARD = "gnu++14";
				CLANG_CXX_LIBRARY = "libc++";
				CLANG_ENABLE_MODULES = YES;
				CLANG_ENABLE_OBJC_ARC = YES;
				CLANG_ENABLE_OBJC_WEAK = YES;
				CLANG_WARN_BLOCK_CAPTURE_AUTORELEASING = YES;
				CLANG_WARN_BOOL_CONVERSION = YES;
				CLANG_WARN_COMMA = YES;
				CLANG_WARN_CONSTANT_CONVERSION = YES;
				CLANG_WARN_DEPRECATED_OBJC_IMPLEMENTATIONS = YES;
				CLANG_WARN_DIRECT_OBJC_ISA_USAGE = YES_ERROR;
				CLANG_WARN_DOCUMENTATION_COMMENTS = YES;
				CLANG_WARN_EMPTY_BODY = YES;
				CLANG_WARN_ENUM_CONVERSION = YES;
				CLANG_WARN_INFINITE_RECURSION = YES;
				CLANG_WARN_INT_CONVERSION = YES;
				CLANG_WARN_NON_LITERAL_NULL_CONVERSION = YES;
				CLANG_WARN_OBJC_IMPLICIT_RETAIN_SELF = YES;
				CLANG_WARN_OBJC_LITERAL_CONVERSION = YES;
				CLANG_WARN_OBJC_ROOT_CLASS = YES_ERROR;
				CLANG_WARN_RANGE_LOOP_ANALYSIS = YES;
				CLANG_WARN_STRICT_PROTOTYPES = YES;
				CLANG_WARN_SUSPICIOUS_MOVE = YES;
				CLANG_WARN_UNGUARDED_AVAILABILITY = YES_AGGRESSIVE;
				CLANG_WARN_UNREACHABLE_CODE = YES;
				CLANG_WARN__DUPLICATE_METHOD_MATCH = YES;
				COPY_PHASE_STRIP = NO;
				DEBUG_INFORMATION_FORMAT = "dwarf-with-dsym";
				ENABLE_NS_ASSERTIONS = NO;
				ENABLE_STRICT_OBJC_MSGSEND = YES;
				GCC_C_LANGUAGE_STANDARD = gnu11;
				GCC_NO_COMMON_BLOCKS = YES;
				GCC_WARN_64_TO_32_BIT_CONVERSION = YES;
				GCC_WARN_ABOUT_RETURN_TYPE = YES_ERROR;
				GCC_WARN_UNDECLARED_SELECTOR = YES;
				GCC_WARN_UNINITIALIZED_AUTOS = YES_AGGRESSIVE;
				GCC_WARN_UNUSED_FUNCTION = YES;
				GCC_WARN_UNUSED_VARIABLE = YES;
				IPHONEOS_DEPLOYMENT_TARGET = 13.2;
				MTL_ENABLE_DEBUG_INFO = NO;
				MTL_FAST_MATH = YES;
				SDKROOT = iphoneos;
				SWIFT_COMPILATION_MODE = wholemodule;
				SWIFT_OPTIMIZATION_LEVEL = "-O";
				VALIDATE_PRODUCT = YES;
			};
			name = Release;
		};
		1C2B8D112427C82800883C00 /* Debug */ = {
			isa = XCBuildConfiguration;
			baseConfigurationReference = 9F9CDD7EFBBDB82B24EB21AE /* Pods-CourseProject.debug.xcconfig */;
			buildSettings = {
				ASSETCATALOG_COMPILER_APPICON_NAME = AppIcon;
				CODE_SIGN_STYLE = Automatic;
				DEVELOPMENT_TEAM = HQBVAU4VF3;
				INFOPLIST_FILE = CourseProject/Info.plist;
				LD_RUNPATH_SEARCH_PATHS = (
					"$(inherited)",
					"@executable_path/Frameworks",
				);
				PRODUCT_BUNDLE_IDENTIFIER = Academy.CourseProject;
				PRODUCT_NAME = "$(TARGET_NAME)";
				SWIFT_VERSION = 5.0;
				TARGETED_DEVICE_FAMILY = "1,2";
			};
			name = Debug;
		};
		1C2B8D122427C82800883C00 /* Release */ = {
			isa = XCBuildConfiguration;
			baseConfigurationReference = 5CF8140E339687715EF45525 /* Pods-CourseProject.release.xcconfig */;
			buildSettings = {
				ASSETCATALOG_COMPILER_APPICON_NAME = AppIcon;
				CODE_SIGN_STYLE = Automatic;
				DEVELOPMENT_TEAM = HQBVAU4VF3;
				INFOPLIST_FILE = CourseProject/Info.plist;
				LD_RUNPATH_SEARCH_PATHS = (
					"$(inherited)",
					"@executable_path/Frameworks",
				);
				PRODUCT_BUNDLE_IDENTIFIER = Academy.CourseProject;
				PRODUCT_NAME = "$(TARGET_NAME)";
				SWIFT_VERSION = 5.0;
				TARGETED_DEVICE_FAMILY = "1,2";
			};
			name = Release;
		};
/* End XCBuildConfiguration section */

/* Begin XCConfigurationList section */
		1C2B8CF72427C82700883C00 /* Build configuration list for PBXProject "CourseProject" */ = {
			isa = XCConfigurationList;
			buildConfigurations = (
				1C2B8D0E2427C82800883C00 /* Debug */,
				1C2B8D0F2427C82800883C00 /* Release */,
			);
			defaultConfigurationIsVisible = 0;
			defaultConfigurationName = Release;
		};
		1C2B8D102427C82800883C00 /* Build configuration list for PBXNativeTarget "CourseProject" */ = {
			isa = XCConfigurationList;
			buildConfigurations = (
				1C2B8D112427C82800883C00 /* Debug */,
				1C2B8D122427C82800883C00 /* Release */,
			);
			defaultConfigurationIsVisible = 0;
			defaultConfigurationName = Release;
		};
/* End XCConfigurationList section */
	};
	rootObject = 1C2B8CF42427C82700883C00 /* Project object */;
}
